
Microsoft Visual Studio Solution File, Format Version 12.00
Project("{FAE04EC0-301F-11D3-BF4B-00C04F79EFBC}") = "gdc_2023_demo_registration", "gdc_2023_demo_registration\gdc_2023_demo_registration.csproj", "{0E1E69F0-7D8E-47AD-801E-5D72FD7220D6}"
EndProject
Global
	GlobalSection(SolutionConfigurationPlatforms) = preSolution
		Debug|Any CPU = Debug|Any CPU
		Release|Any CPU = Release|Any CPU
	EndGlobalSection
	GlobalSection(ProjectConfigurationPlatforms) = postSolution
		{0E1E69F0-7D8E-47AD-801E-5D72FD7220D6}.Debug|Any CPU.ActiveCfg = Debug|Any CPU
		{0E1E69F0-7D8E-47AD-801E-5D72FD7220D6}.Debug|Any CPU.Build.0 = Debug|Any CPU
		{0E1E69F0-7D8E-47AD-801E-5D72FD7220D6}.Release|Any CPU.ActiveCfg = Release|Any CPU
		{0E1E69F0-7D8E-47AD-801E-5D72FD7220D6}.Release|Any CPU.Build.0 = Release|Any CPU
	EndGlobalSection
EndGlobal
